
Microsoft Visual Studio Solution File, Format Version 12.00
# Visual Studio Version 17
VisualStudioVersion = 17.14.36511.14 d17.14
MinimumVisualStudioVersion = 10.0.40219.1
Project("{FAE04EC0-301F-11D3-BF4B-00C04F79EFBC}") = "SuperServer.Api", "SuperServer.Api\SuperServer.Api.csproj", "{46E16FA4-AA7D-4E64-8292-19D056997C84}"
EndProject
Project("{FAE04EC0-301F-11D3-BF4B-00C04F79EFBC}") = "SuperServer.Domain", "SuperServer.Domain\SuperServer.Domain.csproj", "{B936F9D8-F700-4F7E-9B58-8B8E84FCDC9B}"
EndProject
Project("{FAE04EC0-301F-11D3-BF4B-00C04F79EFBC}") = "SuperServer.Persistence", "SuperServer.Persistence\SuperServer.Persistence.csproj", "{064E81BA-9806-4BF1-AAAB-4E91F1B64E43}"
EndProject
Global
	GlobalSection(SolutionConfigurationPlatforms) = preSolution
		Debug|Any CPU = Debug|Any CPU
		Release|Any CPU = Release|Any CPU
	EndGlobalSection
	GlobalSection(ProjectConfigurationPlatforms) = postSolution
		{46E16FA4-AA7D-4E64-8292-19D056997C84}.Debug|Any CPU.ActiveCfg = Debug|Any CPU
		{46E16FA4-AA7D-4E64-8292-19D056997C84}.Debug|Any CPU.Build.0 = Debug|Any CPU
		{46E16FA4-AA7D-4E64-8292-19D056997C84}.Release|Any CPU.ActiveCfg = Release|Any CPU
		{46E16FA4-AA7D-4E64-8292-19D056997C84}.Release|Any CPU.Build.0 = Release|Any CPU
		{B936F9D8-F700-4F7E-9B58-8B8E84FCDC9B}.Debug|Any CPU.ActiveCfg = Debug|Any CPU
		{B936F9D8-F700-4F7E-9B58-8B8E84FCDC9B}.Debug|Any CPU.Build.0 = Debug|Any CPU
		{B936F9D8-F700-4F7E-9B58-8B8E84FCDC9B}.Release|Any CPU.ActiveCfg = Release|Any CPU
		{B936F9D8-F700-4F7E-9B58-8B8E84FCDC9B}.Release|Any CPU.Build.0 = Release|Any CPU
		{064E81BA-9806-4BF1-AAAB-4E91F1B64E43}.Debug|Any CPU.ActiveCfg = Debug|Any CPU
		{064E81BA-9806-4BF1-AAAB-4E91F1B64E43}.Debug|Any CPU.Build.0 = Debug|Any CPU
		{064E81BA-9806-4BF1-AAAB-4E91F1B64E43}.Release|Any CPU.ActiveCfg = Release|Any CPU
		{064E81BA-9806-4BF1-AAAB-4E91F1B64E43}.Release|Any CPU.Build.0 = Release|Any CPU
	EndGlobalSection
	GlobalSection(SolutionProperties) = preSolution
		HideSolutionNode = FALSE
	EndGlobalSection
	GlobalSection(ExtensibilityGlobals) = postSolution
		SolutionGuid = {FAC13D35-6505-4926-9BDD-6ACF80E53651}
	EndGlobalSection
EndGlobal
